{
  "nodes": {
    "cosmic-comp": {
      "inputs": {
        "crane": "crane",
        "nix-filter": "nix-filter",
        "nixpkgs": "nixpkgs_2",
        "parts": "parts",
        "rust": "rust"
      },
      "locked": {
        "lastModified": 1694993024,
        "narHash": "sha256-EXt9iogYlN0r38+lFXtv+/jK5SH09tH2jbdGhFbNCho=",
        "owner": "cosmic-nix",
        "repo": "cosmic-comp",
        "rev": "b0286678649c62ff5afb44375bdd7f3228541eb1",
        "type": "github"
      },
      "original": {
        "owner": "cosmic-nix",
        "repo": "cosmic-comp",
        "type": "github"
      }
    },
    "cosmic-launcher": {
      "inputs": {
        "crane": "crane_2",
        "fenix": "fenix",
        "flake-utils": "flake-utils_4",
        "nix-filter": "nix-filter_2",
        "nixpkgs": "nixpkgs_4"
      },
      "locked": {
        "lastModified": 1694991586,
        "narHash": "sha256-va6dMLld1M8bjr1/9scOUdK71cLeOvcEYmggzp/PXjw=",
        "owner": "cosmic-nix",
        "repo": "cosmic-launcher",
        "rev": "012cb302ce8802942afa91e1a7471a9900889249",
        "type": "github"
      },
      "original": {
        "owner": "cosmic-nix",
        "repo": "cosmic-launcher",
        "type": "github"
      }
    },
    "cosmic-panel": {
      "inputs": {
        "crane": "crane_3",
        "fenix": "fenix_2",
        "flake-utils": "flake-utils_6",
        "nix-filter": "nix-filter_3",
        "nixpkgs": "nixpkgs_5"
      },
      "locked": {
        "lastModified": 1694991371,
        "narHash": "sha256-KcFHewnwybdQPe+oE/ye4pD05l9hPS7/rxCkknlD0gw=",
        "owner": "cosmic-nix",
        "repo": "cosmic-panel",
        "rev": "aaad79ff11c1609e5ef4dcd6515fb574dc5ac156",
        "type": "github"
      },
      "original": {
        "owner": "cosmic-nix",
        "repo": "cosmic-panel",
        "type": "github"
      }
    },
    "cosmic-session": {
      "inputs": {
        "crane": "crane_4",
        "fenix": "fenix_3",
        "flake-utils": "flake-utils_8",
        "nix-filter": "nix-filter_4",
        "nixpkgs": "nixpkgs_6"
      },
      "locked": {
        "lastModified": 1694994664,
        "narHash": "sha256-iJ609N+hQ8uc38Im77dToJvA+8fe1dCvjqCp8cwdvLk=",
        "owner": "cosmic-nix",
        "repo": "cosmic-session",
        "rev": "81a42be09a8732b244829ead2a38c5e654346e9a",
        "type": "github"
      },
      "original": {
        "owner": "cosmic-nix",
        "repo": "cosmic-session",
        "type": "github"
      }
    },
    "cosmic-settings": {
      "inputs": {
        "crane": "crane_5",
        "fenix": "fenix_4",
        "flake-utils": "flake-utils_10",
        "nix-filter": "nix-filter_5",
        "nixpkgs": "nixpkgs_7"
      },
      "locked": {
        "lastModified": 1694994664,
        "narHash": "sha256-iJ609N+hQ8uc38Im77dToJvA+8fe1dCvjqCp8cwdvLk=",
        "owner": "cosmic-nix",
        "repo": "cosmic-session",
        "rev": "81a42be09a8732b244829ead2a38c5e654346e9a",
        "type": "github"
      },
      "original": {
        "owner": "cosmic-nix",
        "repo": "cosmic-session",
        "type": "github"
      }
    },
    "crane": {
      "inputs": {
        "flake-compat": "flake-compat",
        "flake-utils": "flake-utils",
        "nixpkgs": "nixpkgs",
        "rust-overlay": "rust-overlay"
      },
      "locked": {
        "lastModified": 1693787605,
        "narHash": "sha256-rwq5U8dy+a9JFny/73L0SJu1GfWwATMPMTp7D+mjHy8=",
        "owner": "ipetkov",
        "repo": "crane",
        "rev": "8b4f7a4dab2120cf41e7957a28a853f45016bd9d",
        "type": "github"
      },
      "original": {
        "owner": "ipetkov",
        "repo": "crane",
        "type": "github"
      }
    },
    "crane_2": {
      "inputs": {
        "flake-compat": "flake-compat_2",
        "flake-utils": "flake-utils_3",
        "nixpkgs": [
          "cosmic-launcher",
          "nixpkgs"
        ],
        "rust-overlay": "rust-overlay_2"
      },
      "locked": {
        "lastModified": 1693787605,
        "narHash": "sha256-rwq5U8dy+a9JFny/73L0SJu1GfWwATMPMTp7D+mjHy8=",
        "owner": "ipetkov",
        "repo": "crane",
        "rev": "8b4f7a4dab2120cf41e7957a28a853f45016bd9d",
        "type": "github"
      },
      "original": {
        "owner": "ipetkov",
        "repo": "crane",
        "type": "github"
      }
    },
    "crane_3": {
      "inputs": {
        "flake-compat": "flake-compat_3",
        "flake-utils": "flake-utils_5",
        "nixpkgs": [
          "cosmic-panel",
          "nixpkgs"
        ],
        "rust-overlay": "rust-overlay_3"
      },
      "locked": {
        "lastModified": 1693787605,
        "narHash": "sha256-rwq5U8dy+a9JFny/73L0SJu1GfWwATMPMTp7D+mjHy8=",
        "owner": "ipetkov",
        "repo": "crane",
        "rev": "8b4f7a4dab2120cf41e7957a28a853f45016bd9d",
        "type": "github"
      },
      "original": {
        "owner": "ipetkov",
        "repo": "crane",
        "type": "github"
      }
    },
    "crane_4": {
      "inputs": {
        "flake-compat": "flake-compat_4",
        "flake-utils": "flake-utils_7",
        "nixpkgs": [
          "cosmic-session",
          "nixpkgs"
        ],
        "rust-overlay": "rust-overlay_4"
      },
      "locked": {
        "lastModified": 1693787605,
        "narHash": "sha256-rwq5U8dy+a9JFny/73L0SJu1GfWwATMPMTp7D+mjHy8=",
        "owner": "ipetkov",
        "repo": "crane",
        "rev": "8b4f7a4dab2120cf41e7957a28a853f45016bd9d",
        "type": "github"
      },
      "original": {
        "owner": "ipetkov",
        "repo": "crane",
        "type": "github"
      }
    },
    "crane_5": {
      "inputs": {
        "flake-compat": "flake-compat_5",
        "flake-utils": "flake-utils_9",
        "nixpkgs": [
          "cosmic-settings",
          "nixpkgs"
        ],
        "rust-overlay": "rust-overlay_5"
      },
      "locked": {
        "lastModified": 1693787605,
        "narHash": "sha256-rwq5U8dy+a9JFny/73L0SJu1GfWwATMPMTp7D+mjHy8=",
        "owner": "ipetkov",
        "repo": "crane",
        "rev": "8b4f7a4dab2120cf41e7957a28a853f45016bd9d",
        "type": "github"
      },
      "original": {
        "owner": "ipetkov",
        "repo": "crane",
        "type": "github"
      }
    },
    "crane_6": {
      "inputs": {
        "flake-compat": "flake-compat_6",
        "flake-utils": "flake-utils_12",
        "nixpkgs": [
          "xdg-desktop-portal-cosmic",
          "nixpkgs"
        ],
        "rust-overlay": "rust-overlay_6"
      },
      "locked": {
        "lastModified": 1693787605,
        "narHash": "sha256-rwq5U8dy+a9JFny/73L0SJu1GfWwATMPMTp7D+mjHy8=",
        "owner": "ipetkov",
        "repo": "crane",
        "rev": "8b4f7a4dab2120cf41e7957a28a853f45016bd9d",
        "type": "github"
      },
      "original": {
        "owner": "ipetkov",
        "repo": "crane",
        "type": "github"
      }
    },
    "fenix": {
      "inputs": {
        "nixpkgs": [
          "cosmic-launcher",
          "nixpkgs"
        ],
        "rust-analyzer-src": "rust-analyzer-src"
      },
      "locked": {
        "lastModified": 1694931580,
        "narHash": "sha256-S05uPvgL4TyE8CWSv9H65F1Fsh0kz6BmrGRUI1K1C8s=",
        "owner": "nix-community",
        "repo": "fenix",
        "rev": "9f7ae8cf9a4886627b4db257183231d372690012",
        "type": "github"
      },
      "original": {
        "owner": "nix-community",
        "repo": "fenix",
        "type": "github"
      }
    },
    "fenix_2": {
      "inputs": {
        "nixpkgs": [
          "cosmic-panel",
          "nixpkgs"
        ],
        "rust-analyzer-src": "rust-analyzer-src_2"
      },
      "locked": {
        "lastModified": 1694931580,
        "narHash": "sha256-S05uPvgL4TyE8CWSv9H65F1Fsh0kz6BmrGRUI1K1C8s=",
        "owner": "nix-community",
        "repo": "fenix",
        "rev": "9f7ae8cf9a4886627b4db257183231d372690012",
        "type": "github"
      },
      "original": {
        "owner": "nix-community",
        "repo": "fenix",
        "type": "github"
      }
    },
    "fenix_3": {
      "inputs": {
        "nixpkgs": [
          "cosmic-session",
          "nixpkgs"
        ],
        "rust-analyzer-src": "rust-analyzer-src_3"
      },
      "locked": {
        "lastModified": 1694931580,
        "narHash": "sha256-S05uPvgL4TyE8CWSv9H65F1Fsh0kz6BmrGRUI1K1C8s=",
        "owner": "nix-community",
        "repo": "fenix",
        "rev": "9f7ae8cf9a4886627b4db257183231d372690012",
        "type": "github"
      },
      "original": {
        "owner": "nix-community",
        "repo": "fenix",
        "type": "github"
      }
    },
    "fenix_4": {
      "inputs": {
        "nixpkgs": [
          "cosmic-settings",
          "nixpkgs"
        ],
        "rust-analyzer-src": "rust-analyzer-src_4"
      },
      "locked": {
        "lastModified": 1694931580,
        "narHash": "sha256-S05uPvgL4TyE8CWSv9H65F1Fsh0kz6BmrGRUI1K1C8s=",
        "owner": "nix-community",
        "repo": "fenix",
        "rev": "9f7ae8cf9a4886627b4db257183231d372690012",
        "type": "github"
      },
      "original": {
        "owner": "nix-community",
        "repo": "fenix",
        "type": "github"
      }
    },
    "fenix_5": {
      "inputs": {
        "nixpkgs": [
          "xdg-desktop-portal-cosmic",
          "nixpkgs"
        ],
        "rust-analyzer-src": "rust-analyzer-src_5"
      },
      "locked": {
        "lastModified": 1694931580,
        "narHash": "sha256-S05uPvgL4TyE8CWSv9H65F1Fsh0kz6BmrGRUI1K1C8s=",
        "owner": "nix-community",
        "repo": "fenix",
        "rev": "9f7ae8cf9a4886627b4db257183231d372690012",
        "type": "github"
      },
      "original": {
        "owner": "nix-community",
        "repo": "fenix",
        "type": "github"
      }
    },
    "flake-compat": {
      "flake": false,
      "locked": {
        "lastModified": 1673956053,
        "narHash": "sha256-4gtG9iQuiKITOjNQQeQIpoIB6b16fm+504Ch3sNKLd8=",
        "owner": "edolstra",
        "repo": "flake-compat",
        "rev": "35bb57c0c8d8b62bbfd284272c928ceb64ddbde9",
        "type": "github"
      },
      "original": {
        "owner": "edolstra",
        "repo": "flake-compat",
        "type": "github"
      }
    },
    "flake-compat_2": {
      "flake": false,
      "locked": {
        "lastModified": 1673956053,
        "narHash": "sha256-4gtG9iQuiKITOjNQQeQIpoIB6b16fm+504Ch3sNKLd8=",
        "owner": "edolstra",
        "repo": "flake-compat",
        "rev": "35bb57c0c8d8b62bbfd284272c928ceb64ddbde9",
        "type": "github"
      },
      "original": {
        "owner": "edolstra",
        "repo": "flake-compat",
        "type": "github"
      }
    },
    "flake-compat_3": {
      "flake": false,
      "locked": {
        "lastModified": 1673956053,
        "narHash": "sha256-4gtG9iQuiKITOjNQQeQIpoIB6b16fm+504Ch3sNKLd8=",
        "owner": "edolstra",
        "repo": "flake-compat",
        "rev": "35bb57c0c8d8b62bbfd284272c928ceb64ddbde9",
        "type": "github"
      },
      "original": {
        "owner": "edolstra",
        "repo": "flake-compat",
        "type": "github"
      }
    },
    "flake-compat_4": {
      "flake": false,
      "locked": {
        "lastModified": 1673956053,
        "narHash": "sha256-4gtG9iQuiKITOjNQQeQIpoIB6b16fm+504Ch3sNKLd8=",
        "owner": "edolstra",
        "repo": "flake-compat",
        "rev": "35bb57c0c8d8b62bbfd284272c928ceb64ddbde9",
        "type": "github"
      },
      "original": {
        "owner": "edolstra",
        "repo": "flake-compat",
        "type": "github"
      }
    },
    "flake-compat_5": {
      "flake": false,
      "locked": {
        "lastModified": 1673956053,
        "narHash": "sha256-4gtG9iQuiKITOjNQQeQIpoIB6b16fm+504Ch3sNKLd8=",
        "owner": "edolstra",
        "repo": "flake-compat",
        "rev": "35bb57c0c8d8b62bbfd284272c928ceb64ddbde9",
        "type": "github"
      },
      "original": {
        "owner": "edolstra",
        "repo": "flake-compat",
        "type": "github"
      }
    },
    "flake-compat_6": {
      "flake": false,
      "locked": {
        "lastModified": 1673956053,
        "narHash": "sha256-4gtG9iQuiKITOjNQQeQIpoIB6b16fm+504Ch3sNKLd8=",
        "owner": "edolstra",
        "repo": "flake-compat",
        "rev": "35bb57c0c8d8b62bbfd284272c928ceb64ddbde9",
        "type": "github"
      },
      "original": {
        "owner": "edolstra",
        "repo": "flake-compat",
        "type": "github"
      }
    },
    "flake-utils": {
      "inputs": {
        "systems": "systems"
      },
      "locked": {
        "lastModified": 1692799911,
        "narHash": "sha256-3eihraek4qL744EvQXsK1Ha6C3CR7nnT8X2qWap4RNk=",
        "owner": "numtide",
        "repo": "flake-utils",
        "rev": "f9e7cf818399d17d347f847525c5a5a8032e4e44",
        "type": "github"
      },
      "original": {
        "owner": "numtide",
        "repo": "flake-utils",
        "type": "github"
      }
    },
    "flake-utils_10": {
      "inputs": {
        "systems": "systems_10"
      },
      "locked": {
        "lastModified": 1694529238,
        "narHash": "sha256-zsNZZGTGnMOf9YpHKJqMSsa0dXbfmxeoJ7xHlrt+xmY=",
        "owner": "numtide",
        "repo": "flake-utils",
        "rev": "ff7b65b44d01cf9ba6a71320833626af21126384",
        "type": "github"
      },
      "original": {
        "owner": "numtide",
        "repo": "flake-utils",
        "type": "github"
      }
    },
    "flake-utils_11": {
      "inputs": {
        "systems": "systems_11"
      },
      "locked": {
        "lastModified": 1694529238,
        "narHash": "sha256-zsNZZGTGnMOf9YpHKJqMSsa0dXbfmxeoJ7xHlrt+xmY=",
        "owner": "numtide",
        "repo": "flake-utils",
        "rev": "ff7b65b44d01cf9ba6a71320833626af21126384",
        "type": "github"
      },
      "original": {
        "owner": "numtide",
        "repo": "flake-utils",
        "type": "github"
      }
    },
    "flake-utils_12": {
      "inputs": {
        "systems": "systems_12"
      },
      "locked": {
        "lastModified": 1692799911,
        "narHash": "sha256-3eihraek4qL744EvQXsK1Ha6C3CR7nnT8X2qWap4RNk=",
        "owner": "numtide",
        "repo": "flake-utils",
        "rev": "f9e7cf818399d17d347f847525c5a5a8032e4e44",
        "type": "github"
      },
      "original": {
        "owner": "numtide",
        "repo": "flake-utils",
        "type": "github"
      }
    },
    "flake-utils_13": {
      "inputs": {
        "systems": "systems_13"
      },
      "locked": {
        "lastModified": 1694529238,
        "narHash": "sha256-zsNZZGTGnMOf9YpHKJqMSsa0dXbfmxeoJ7xHlrt+xmY=",
        "owner": "numtide",
        "repo": "flake-utils",
        "rev": "ff7b65b44d01cf9ba6a71320833626af21126384",
        "type": "github"
      },
      "original": {
        "owner": "numtide",
        "repo": "flake-utils",
        "type": "github"
      }
    },
    "flake-utils_2": {
      "inputs": {
        "systems": "systems_2"
      },
      "locked": {
        "lastModified": 1681202837,
        "narHash": "sha256-H+Rh19JDwRtpVPAWp64F+rlEtxUWBAQW28eAi3SRSzg=",
        "owner": "numtide",
        "repo": "flake-utils",
        "rev": "cfacdce06f30d2b68473a46042957675eebb3401",
        "type": "github"
      },
      "original": {
        "owner": "numtide",
        "repo": "flake-utils",
        "type": "github"
      }
    },
    "flake-utils_3": {
      "inputs": {
        "systems": "systems_3"
      },
      "locked": {
        "lastModified": 1692799911,
        "narHash": "sha256-3eihraek4qL744EvQXsK1Ha6C3CR7nnT8X2qWap4RNk=",
        "owner": "numtide",
        "repo": "flake-utils",
        "rev": "f9e7cf818399d17d347f847525c5a5a8032e4e44",
        "type": "github"
      },
      "original": {
        "owner": "numtide",
        "repo": "flake-utils",
        "type": "github"
      }
    },
    "flake-utils_4": {
      "inputs": {
        "systems": "systems_4"
      },
      "locked": {
        "lastModified": 1694529238,
        "narHash": "sha256-zsNZZGTGnMOf9YpHKJqMSsa0dXbfmxeoJ7xHlrt+xmY=",
        "owner": "numtide",
        "repo": "flake-utils",
        "rev": "ff7b65b44d01cf9ba6a71320833626af21126384",
        "type": "github"
      },
      "original": {
        "owner": "numtide",
        "repo": "flake-utils",
        "type": "github"
      }
    },
    "flake-utils_5": {
      "inputs": {
        "systems": "systems_5"
      },
      "locked": {
        "lastModified": 1692799911,
        "narHash": "sha256-3eihraek4qL744EvQXsK1Ha6C3CR7nnT8X2qWap4RNk=",
        "owner": "numtide",
        "repo": "flake-utils",
        "rev": "f9e7cf818399d17d347f847525c5a5a8032e4e44",
        "type": "github"
      },
      "original": {
        "owner": "numtide",
        "repo": "flake-utils",
        "type": "github"
      }
    },
    "flake-utils_6": {
      "inputs": {
        "systems": "systems_6"
      },
      "locked": {
        "lastModified": 1694529238,
        "narHash": "sha256-zsNZZGTGnMOf9YpHKJqMSsa0dXbfmxeoJ7xHlrt+xmY=",
        "owner": "numtide",
        "repo": "flake-utils",
        "rev": "ff7b65b44d01cf9ba6a71320833626af21126384",
        "type": "github"
      },
      "original": {
        "owner": "numtide",
        "repo": "flake-utils",
        "type": "github"
      }
    },
    "flake-utils_7": {
      "inputs": {
        "systems": "systems_7"
      },
      "locked": {
        "lastModified": 1692799911,
        "narHash": "sha256-3eihraek4qL744EvQXsK1Ha6C3CR7nnT8X2qWap4RNk=",
        "owner": "numtide",
        "repo": "flake-utils",
        "rev": "f9e7cf818399d17d347f847525c5a5a8032e4e44",
        "type": "github"
      },
      "original": {
        "owner": "numtide",
        "repo": "flake-utils",
        "type": "github"
      }
    },
    "flake-utils_8": {
      "inputs": {
        "systems": "systems_8"
      },
      "locked": {
        "lastModified": 1694529238,
        "narHash": "sha256-zsNZZGTGnMOf9YpHKJqMSsa0dXbfmxeoJ7xHlrt+xmY=",
        "owner": "numtide",
        "repo": "flake-utils",
        "rev": "ff7b65b44d01cf9ba6a71320833626af21126384",
        "type": "github"
      },
      "original": {
        "owner": "numtide",
        "repo": "flake-utils",
        "type": "github"
      }
    },
    "flake-utils_9": {
      "inputs": {
        "systems": "systems_9"
      },
      "locked": {
        "lastModified": 1692799911,
        "narHash": "sha256-3eihraek4qL744EvQXsK1Ha6C3CR7nnT8X2qWap4RNk=",
        "owner": "numtide",
        "repo": "flake-utils",
        "rev": "f9e7cf818399d17d347f847525c5a5a8032e4e44",
        "type": "github"
      },
      "original": {
        "owner": "numtide",
        "repo": "flake-utils",
        "type": "github"
      }
    },
    "nix-filter": {
      "locked": {
        "lastModified": 1694857738,
        "narHash": "sha256-bxxNyLHjhu0N8T3REINXQ2ZkJco0ABFPn6PIe2QUfqo=",
        "owner": "numtide",
        "repo": "nix-filter",
        "rev": "41fd48e00c22b4ced525af521ead8792402de0ea",
        "type": "github"
      },
      "original": {
        "owner": "numtide",
        "repo": "nix-filter",
        "type": "github"
      }
    },
    "nix-filter_2": {
      "locked": {
        "lastModified": 1694857738,
        "narHash": "sha256-bxxNyLHjhu0N8T3REINXQ2ZkJco0ABFPn6PIe2QUfqo=",
        "owner": "numtide",
        "repo": "nix-filter",
        "rev": "41fd48e00c22b4ced525af521ead8792402de0ea",
        "type": "github"
      },
      "original": {
        "owner": "numtide",
        "repo": "nix-filter",
        "type": "github"
      }
    },
    "nix-filter_3": {
      "locked": {
        "lastModified": 1694857738,
        "narHash": "sha256-bxxNyLHjhu0N8T3REINXQ2ZkJco0ABFPn6PIe2QUfqo=",
        "owner": "numtide",
        "repo": "nix-filter",
        "rev": "41fd48e00c22b4ced525af521ead8792402de0ea",
        "type": "github"
      },
      "original": {
        "owner": "numtide",
        "repo": "nix-filter",
        "type": "github"
      }
    },
    "nix-filter_4": {
      "locked": {
        "lastModified": 1694857738,
        "narHash": "sha256-bxxNyLHjhu0N8T3REINXQ2ZkJco0ABFPn6PIe2QUfqo=",
        "owner": "numtide",
        "repo": "nix-filter",
        "rev": "41fd48e00c22b4ced525af521ead8792402de0ea",
        "type": "github"
      },
      "original": {
        "owner": "numtide",
        "repo": "nix-filter",
        "type": "github"
      }
    },
    "nix-filter_5": {
      "locked": {
        "lastModified": 1694857738,
        "narHash": "sha256-bxxNyLHjhu0N8T3REINXQ2ZkJco0ABFPn6PIe2QUfqo=",
        "owner": "numtide",
        "repo": "nix-filter",
        "rev": "41fd48e00c22b4ced525af521ead8792402de0ea",
        "type": "github"
      },
      "original": {
        "owner": "numtide",
        "repo": "nix-filter",
        "type": "github"
      }
    },
    "nix-filter_6": {
      "locked": {
        "lastModified": 1694857738,
        "narHash": "sha256-bxxNyLHjhu0N8T3REINXQ2ZkJco0ABFPn6PIe2QUfqo=",
        "owner": "numtide",
        "repo": "nix-filter",
        "rev": "41fd48e00c22b4ced525af521ead8792402de0ea",
        "type": "github"
      },
      "original": {
        "owner": "numtide",
        "repo": "nix-filter",
        "type": "github"
      }
    },
    "nixpkgs": {
      "locked": {
        "lastModified": 1693654884,
        "narHash": "sha256-EqKKEl+IOS8TSjkt+xn1qGpsjnx5/ag33YNQ1+c7OuM=",
        "owner": "NixOS",
        "repo": "nixpkgs",
        "rev": "e7f35e03abd06a2faef6684d0de813370e13bda8",
        "type": "github"
      },
      "original": {
        "owner": "NixOS",
        "ref": "nixpkgs-unstable",
        "repo": "nixpkgs",
        "type": "github"
      }
    },
    "nixpkgs-lib": {
      "locked": {
        "dir": "lib",
        "lastModified": 1693471703,
        "narHash": "sha256-0l03ZBL8P1P6z8MaSDS/MvuU8E75rVxe5eE1N6gxeTo=",
        "owner": "NixOS",
        "repo": "nixpkgs",
        "rev": "3e52e76b70d5508f3cec70b882a29199f4d1ee85",
        "type": "github"
      },
      "original": {
        "dir": "lib",
        "owner": "NixOS",
        "ref": "nixos-unstable",
        "repo": "nixpkgs",
        "type": "github"
      }
    },
    "nixpkgs_2": {
      "locked": {
        "lastModified": 1694891648,
        "narHash": "sha256-8lblBYmUZwnvTiPoSRcUXEGMwau/f5abd8LYxSHsecU=",
        "owner": "colemickens",
        "repo": "nixpkgs",
        "rev": "5c239433e229940db0a544ca17fe9fcaea97ab15",
        "type": "github"
      },
      "original": {
        "owner": "colemickens",
        "ref": "cmpkgs",
        "repo": "nixpkgs",
        "type": "github"
      }
    },
    "nixpkgs_3": {
      "locked": {
        "lastModified": 1681358109,
        "narHash": "sha256-eKyxW4OohHQx9Urxi7TQlFBTDWII+F+x2hklDOQPB50=",
        "owner": "NixOS",
        "repo": "nixpkgs",
        "rev": "96ba1c52e54e74c3197f4d43026b3f3d92e83ff9",
        "type": "github"
      },
      "original": {
        "owner": "NixOS",
        "ref": "nixpkgs-unstable",
        "repo": "nixpkgs",
        "type": "github"
      }
    },
    "nixpkgs_4": {
      "locked": {
        "lastModified": 1694948089,
        "narHash": "sha256-d2B282GmQ9o8klc22/Rbbbj6r99EnELQpOQjWMyv0rU=",
        "owner": "NixOS",
        "repo": "nixpkgs",
        "rev": "5148520bfab61f99fd25fb9ff7bfbb50dad3c9db",
        "type": "github"
      },
      "original": {
        "owner": "NixOS",
        "ref": "nixpkgs-unstable",
        "repo": "nixpkgs",
        "type": "github"
      }
    },
    "nixpkgs_5": {
      "locked": {
        "lastModified": 1694948089,
        "narHash": "sha256-d2B282GmQ9o8klc22/Rbbbj6r99EnELQpOQjWMyv0rU=",
        "owner": "NixOS",
        "repo": "nixpkgs",
        "rev": "5148520bfab61f99fd25fb9ff7bfbb50dad3c9db",
        "type": "github"
      },
      "original": {
        "owner": "NixOS",
        "ref": "nixpkgs-unstable",
        "repo": "nixpkgs",
        "type": "github"
      }
    },
    "nixpkgs_6": {
      "locked": {
        "lastModified": 1694891648,
        "narHash": "sha256-8lblBYmUZwnvTiPoSRcUXEGMwau/f5abd8LYxSHsecU=",
        "owner": "colemickens",
        "repo": "nixpkgs",
        "rev": "5c239433e229940db0a544ca17fe9fcaea97ab15",
        "type": "github"
      },
      "original": {
        "owner": "colemickens",
        "ref": "cmpkgs",
        "repo": "nixpkgs",
        "type": "github"
      }
    },
    "nixpkgs_7": {
      "locked": {
        "lastModified": 1694891648,
        "narHash": "sha256-8lblBYmUZwnvTiPoSRcUXEGMwau/f5abd8LYxSHsecU=",
        "owner": "colemickens",
        "repo": "nixpkgs",
        "rev": "5c239433e229940db0a544ca17fe9fcaea97ab15",
        "type": "github"
      },
      "original": {
        "owner": "colemickens",
        "ref": "cmpkgs",
        "repo": "nixpkgs",
        "type": "github"
      }
    },
    "nixpkgs_8": {
      "locked": {
        "lastModified": 1694948089,
        "narHash": "sha256-d2B282GmQ9o8klc22/Rbbbj6r99EnELQpOQjWMyv0rU=",
        "owner": "nixos",
        "repo": "nixpkgs",
        "rev": "5148520bfab61f99fd25fb9ff7bfbb50dad3c9db",
        "type": "github"
      },
      "original": {
        "owner": "nixos",
        "ref": "nixpkgs-unstable",
        "repo": "nixpkgs",
        "type": "github"
      }
    },
    "nixpkgs_9": {
      "locked": {
        "lastModified": 1694948089,
        "narHash": "sha256-d2B282GmQ9o8klc22/Rbbbj6r99EnELQpOQjWMyv0rU=",
        "owner": "NixOS",
        "repo": "nixpkgs",
        "rev": "5148520bfab61f99fd25fb9ff7bfbb50dad3c9db",
        "type": "github"
      },
      "original": {
        "owner": "NixOS",
        "ref": "nixpkgs-unstable",
        "repo": "nixpkgs",
        "type": "github"
      }
    },
    "parts": {
      "inputs": {
        "nixpkgs-lib": "nixpkgs-lib"
      },
      "locked": {
        "lastModified": 1693611461,
        "narHash": "sha256-aPODl8vAgGQ0ZYFIRisxYG5MOGSkIczvu2Cd8Gb9+1Y=",
        "owner": "hercules-ci",
        "repo": "flake-parts",
        "rev": "7f53fdb7bdc5bb237da7fefef12d099e4fd611ca",
        "type": "github"
      },
      "original": {
        "owner": "hercules-ci",
        "repo": "flake-parts",
        "type": "github"
      }
    },
    "root": {
      "inputs": {
        "cosmic-comp": "cosmic-comp",
        "cosmic-launcher": "cosmic-launcher",
        "cosmic-panel": "cosmic-panel",
        "cosmic-session": "cosmic-session",
        "cosmic-settings": "cosmic-settings",
        "flake-utils": "flake-utils_11",
        "nixpkgs": "nixpkgs_8",
        "xdg-desktop-portal-cosmic": "xdg-desktop-portal-cosmic"
      }
    },
    "rust": {
      "inputs": {
        "flake-utils": "flake-utils_2",
        "nixpkgs": "nixpkgs_3"
      },
      "locked": {
        "lastModified": 1694916722,
        "narHash": "sha256-DBxuPOyhaHw3WY6s2KsaGyGrOkvmuiORC4DjIz8XTbM=",
        "owner": "oxalica",
        "repo": "rust-overlay",
        "rev": "9d34219b9788fb5cde6f5b5759211d606f5131ec",
        "type": "github"
      },
      "original": {
        "owner": "oxalica",
        "repo": "rust-overlay",
        "type": "github"
      }
    },
    "rust-analyzer-src": {
      "flake": false,
      "locked": {
        "lastModified": 1694882901,
        "narHash": "sha256-ps6eZmuSXV48jzwBB3c0jiS5FKQAxdKLeo3Zc2Nuh5M=",
        "owner": "rust-lang",
        "repo": "rust-analyzer",
        "rev": "9d0ccf01a16f4ab72417a804c5a7414f312d95a0",
        "type": "github"
      },
      "original": {
        "owner": "rust-lang",
        "ref": "nightly",
        "repo": "rust-analyzer",
        "type": "github"
      }
    },
    "rust-analyzer-src_2": {
      "flake": false,
      "locked": {
        "lastModified": 1694882901,
        "narHash": "sha256-ps6eZmuSXV48jzwBB3c0jiS5FKQAxdKLeo3Zc2Nuh5M=",
        "owner": "rust-lang",
        "repo": "rust-analyzer",
        "rev": "9d0ccf01a16f4ab72417a804c5a7414f312d95a0",
        "type": "github"
      },
      "original": {
        "owner": "rust-lang",
        "ref": "nightly",
        "repo": "rust-analyzer",
        "type": "github"
      }
    },
    "rust-analyzer-src_3": {
      "flake": false,
      "locked": {
        "lastModified": 1694882901,
        "narHash": "sha256-ps6eZmuSXV48jzwBB3c0jiS5FKQAxdKLeo3Zc2Nuh5M=",
        "owner": "rust-lang",
        "repo": "rust-analyzer",
        "rev": "9d0ccf01a16f4ab72417a804c5a7414f312d95a0",
        "type": "github"
      },
      "original": {
        "owner": "rust-lang",
        "ref": "nightly",
        "repo": "rust-analyzer",
        "type": "github"
      }
    },
    "rust-analyzer-src_4": {
      "flake": false,
      "locked": {
        "lastModified": 1694882901,
        "narHash": "sha256-ps6eZmuSXV48jzwBB3c0jiS5FKQAxdKLeo3Zc2Nuh5M=",
        "owner": "rust-lang",
        "repo": "rust-analyzer",
        "rev": "9d0ccf01a16f4ab72417a804c5a7414f312d95a0",
        "type": "github"
      },
      "original": {
        "owner": "rust-lang",
        "ref": "nightly",
        "repo": "rust-analyzer",
        "type": "github"
      }
    },
    "rust-analyzer-src_5": {
      "flake": false,
      "locked": {
        "lastModified": 1694882901,
        "narHash": "sha256-ps6eZmuSXV48jzwBB3c0jiS5FKQAxdKLeo3Zc2Nuh5M=",
        "owner": "rust-lang",
        "repo": "rust-analyzer",
        "rev": "9d0ccf01a16f4ab72417a804c5a7414f312d95a0",
        "type": "github"
      },
      "original": {
        "owner": "rust-lang",
        "ref": "nightly",
        "repo": "rust-analyzer",
        "type": "github"
      }
    },
    "rust-overlay": {
      "inputs": {
        "flake-utils": [
          "cosmic-comp",
          "crane",
          "flake-utils"
        ],
        "nixpkgs": [
          "cosmic-comp",
          "crane",
          "nixpkgs"
        ]
      },
      "locked": {
        "lastModified": 1693707092,
        "narHash": "sha256-HR1EnynBSPqbt+04/yxxqsG1E3n6uXrOl7SPco/UnYo=",
        "owner": "oxalica",
        "repo": "rust-overlay",
        "rev": "98ccb73e6eefc481da6039ee57ad8818d1ca8d56",
        "type": "github"
      },
      "original": {
        "owner": "oxalica",
        "repo": "rust-overlay",
        "type": "github"
      }
    },
    "rust-overlay_2": {
      "inputs": {
        "flake-utils": [
          "cosmic-launcher",
          "crane",
          "flake-utils"
        ],
        "nixpkgs": [
          "cosmic-launcher",
          "crane",
          "nixpkgs"
        ]
      },
      "locked": {
        "lastModified": 1693707092,
        "narHash": "sha256-HR1EnynBSPqbt+04/yxxqsG1E3n6uXrOl7SPco/UnYo=",
        "owner": "oxalica",
        "repo": "rust-overlay",
        "rev": "98ccb73e6eefc481da6039ee57ad8818d1ca8d56",
        "type": "github"
      },
      "original": {
        "owner": "oxalica",
        "repo": "rust-overlay",
        "type": "github"
      }
    },
    "rust-overlay_3": {
      "inputs": {
        "flake-utils": [
          "cosmic-panel",
          "crane",
          "flake-utils"
        ],
        "nixpkgs": [
          "cosmic-panel",
          "crane",
          "nixpkgs"
        ]
      },
      "locked": {
        "lastModified": 1693707092,
        "narHash": "sha256-HR1EnynBSPqbt+04/yxxqsG1E3n6uXrOl7SPco/UnYo=",
        "owner": "oxalica",
        "repo": "rust-overlay",
        "rev": "98ccb73e6eefc481da6039ee57ad8818d1ca8d56",
        "type": "github"
      },
      "original": {
        "owner": "oxalica",
        "repo": "rust-overlay",
        "type": "github"
      }
    },
    "rust-overlay_4": {
      "inputs": {
        "flake-utils": [
          "cosmic-session",
          "crane",
          "flake-utils"
        ],
        "nixpkgs": [
          "cosmic-session",
          "crane",
          "nixpkgs"
        ]
      },
      "locked": {
        "lastModified": 1693707092,
        "narHash": "sha256-HR1EnynBSPqbt+04/yxxqsG1E3n6uXrOl7SPco/UnYo=",
        "owner": "oxalica",
        "repo": "rust-overlay",
        "rev": "98ccb73e6eefc481da6039ee57ad8818d1ca8d56",
        "type": "github"
      },
      "original": {
        "owner": "oxalica",
        "repo": "rust-overlay",
        "type": "github"
      }
    },
    "rust-overlay_5": {
      "inputs": {
        "flake-utils": [
          "cosmic-settings",
          "crane",
          "flake-utils"
        ],
        "nixpkgs": [
          "cosmic-settings",
          "crane",
          "nixpkgs"
        ]
      },
      "locked": {
        "lastModified": 1693707092,
        "narHash": "sha256-HR1EnynBSPqbt+04/yxxqsG1E3n6uXrOl7SPco/UnYo=",
        "owner": "oxalica",
        "repo": "rust-overlay",
        "rev": "98ccb73e6eefc481da6039ee57ad8818d1ca8d56",
        "type": "github"
      },
      "original": {
        "owner": "oxalica",
        "repo": "rust-overlay",
        "type": "github"
      }
    },
    "rust-overlay_6": {
      "inputs": {
        "flake-utils": [
          "xdg-desktop-portal-cosmic",
          "crane",
          "flake-utils"
        ],
        "nixpkgs": [
          "xdg-desktop-portal-cosmic",
          "crane",
          "nixpkgs"
        ]
      },
      "locked": {
        "lastModified": 1693707092,
        "narHash": "sha256-HR1EnynBSPqbt+04/yxxqsG1E3n6uXrOl7SPco/UnYo=",
        "owner": "oxalica",
        "repo": "rust-overlay",
        "rev": "98ccb73e6eefc481da6039ee57ad8818d1ca8d56",
        "type": "github"
      },
      "original": {
        "owner": "oxalica",
        "repo": "rust-overlay",
        "type": "github"
      }
    },
    "systems": {
      "locked": {
        "lastModified": 1681028828,
        "narHash": "sha256-Vy1rq5AaRuLzOxct8nz4T6wlgyUR7zLU309k9mBC768=",
        "owner": "nix-systems",
        "repo": "default",
        "rev": "da67096a3b9bf56a91d16901293e51ba5b49a27e",
        "type": "github"
      },
      "original": {
        "owner": "nix-systems",
        "repo": "default",
        "type": "github"
      }
    },
    "systems_10": {
      "locked": {
        "lastModified": 1681028828,
        "narHash": "sha256-Vy1rq5AaRuLzOxct8nz4T6wlgyUR7zLU309k9mBC768=",
        "owner": "nix-systems",
        "repo": "default",
        "rev": "da67096a3b9bf56a91d16901293e51ba5b49a27e",
        "type": "github"
      },
      "original": {
        "owner": "nix-systems",
        "repo": "default",
        "type": "github"
      }
    },
    "systems_11": {
      "locked": {
        "lastModified": 1681028828,
        "narHash": "sha256-Vy1rq5AaRuLzOxct8nz4T6wlgyUR7zLU309k9mBC768=",
        "owner": "nix-systems",
        "repo": "default",
        "rev": "da67096a3b9bf56a91d16901293e51ba5b49a27e",
        "type": "github"
      },
      "original": {
        "owner": "nix-systems",
        "repo": "default",
        "type": "github"
      }
    },
    "systems_12": {
      "locked": {
        "lastModified": 1681028828,
        "narHash": "sha256-Vy1rq5AaRuLzOxct8nz4T6wlgyUR7zLU309k9mBC768=",
        "owner": "nix-systems",
        "repo": "default",
        "rev": "da67096a3b9bf56a91d16901293e51ba5b49a27e",
        "type": "github"
      },
      "original": {
        "owner": "nix-systems",
        "repo": "default",
        "type": "github"
      }
    },
    "systems_13": {
      "locked": {
        "lastModified": 1681028828,
        "narHash": "sha256-Vy1rq5AaRuLzOxct8nz4T6wlgyUR7zLU309k9mBC768=",
        "owner": "nix-systems",
        "repo": "default",
        "rev": "da67096a3b9bf56a91d16901293e51ba5b49a27e",
        "type": "github"
      },
      "original": {
        "owner": "nix-systems",
        "repo": "default",
        "type": "github"
      }
    },
    "systems_2": {
      "locked": {
        "lastModified": 1681028828,
        "narHash": "sha256-Vy1rq5AaRuLzOxct8nz4T6wlgyUR7zLU309k9mBC768=",
        "owner": "nix-systems",
        "repo": "default",
        "rev": "da67096a3b9bf56a91d16901293e51ba5b49a27e",
        "type": "github"
      },
      "original": {
        "owner": "nix-systems",
        "repo": "default",
        "type": "github"
      }
    },
    "systems_3": {
      "locked": {
        "lastModified": 1681028828,
        "narHash": "sha256-Vy1rq5AaRuLzOxct8nz4T6wlgyUR7zLU309k9mBC768=",
        "owner": "nix-systems",
        "repo": "default",
        "rev": "da67096a3b9bf56a91d16901293e51ba5b49a27e",
        "type": "github"
      },
      "original": {
        "owner": "nix-systems",
        "repo": "default",
        "type": "github"
      }
    },
    "systems_4": {
      "locked": {
        "lastModified": 1681028828,
        "narHash": "sha256-Vy1rq5AaRuLzOxct8nz4T6wlgyUR7zLU309k9mBC768=",
        "owner": "nix-systems",
        "repo": "default",
        "rev": "da67096a3b9bf56a91d16901293e51ba5b49a27e",
        "type": "github"
      },
      "original": {
        "owner": "nix-systems",
        "repo": "default",
        "type": "github"
      }
    },
    "systems_5": {
      "locked": {
        "lastModified": 1681028828,
        "narHash": "sha256-Vy1rq5AaRuLzOxct8nz4T6wlgyUR7zLU309k9mBC768=",
        "owner": "nix-systems",
        "repo": "default",
        "rev": "da67096a3b9bf56a91d16901293e51ba5b49a27e",
        "type": "github"
      },
      "original": {
        "owner": "nix-systems",
        "repo": "default",
        "type": "github"
      }
    },
    "systems_6": {
      "locked": {
        "lastModified": 1681028828,
        "narHash": "sha256-Vy1rq5AaRuLzOxct8nz4T6wlgyUR7zLU309k9mBC768=",
        "owner": "nix-systems",
        "repo": "default",
        "rev": "da67096a3b9bf56a91d16901293e51ba5b49a27e",
        "type": "github"
      },
      "original": {
        "owner": "nix-systems",
        "repo": "default",
        "type": "github"
      }
    },
    "systems_7": {
      "locked": {
        "lastModified": 1681028828,
        "narHash": "sha256-Vy1rq5AaRuLzOxct8nz4T6wlgyUR7zLU309k9mBC768=",
        "owner": "nix-systems",
        "repo": "default",
        "rev": "da67096a3b9bf56a91d16901293e51ba5b49a27e",
        "type": "github"
      },
      "original": {
        "owner": "nix-systems",
        "repo": "default",
        "type": "github"
      }
    },
    "systems_8": {
      "locked": {
        "lastModified": 1681028828,
        "narHash": "sha256-Vy1rq5AaRuLzOxct8nz4T6wlgyUR7zLU309k9mBC768=",
        "owner": "nix-systems",
        "repo": "default",
        "rev": "da67096a3b9bf56a91d16901293e51ba5b49a27e",
        "type": "github"
      },
      "original": {
        "owner": "nix-systems",
        "repo": "default",
        "type": "github"
      }
    },
    "systems_9": {
      "locked": {
        "lastModified": 1681028828,
        "narHash": "sha256-Vy1rq5AaRuLzOxct8nz4T6wlgyUR7zLU309k9mBC768=",
        "owner": "nix-systems",
        "repo": "default",
        "rev": "da67096a3b9bf56a91d16901293e51ba5b49a27e",
        "type": "github"
      },
      "original": {
        "owner": "nix-systems",
        "repo": "default",
        "type": "github"
      }
    },
    "xdg-desktop-portal-cosmic": {
      "inputs": {
        "crane": "crane_6",
        "fenix": "fenix_5",
        "flake-utils": "flake-utils_13",
        "nix-filter": "nix-filter_6",
        "nixpkgs": "nixpkgs_9"
      },
      "locked": {
        "lastModified": 1694990412,
        "narHash": "sha256-95VoKDuJAFLsmi0Q9aiBxWx4Dn15s3iGT8P/HRLNDkE=",
        "owner": "cosmic-nix",
        "repo": "xdg-desktop-portal-cosmic",
        "rev": "f71811b59ec7548fd792c9c2559fc2306961316a",
        "type": "github"
      },
      "original": {
        "owner": "cosmic-nix",
        "repo": "xdg-desktop-portal-cosmic",
        "type": "github"
      }
    }
  },
  "root": "root",
  "version": 7
}
